
Microsoft Visual Studio Solution File, Format Version 12.00
# Visual Studio Version 16
VisualStudioVersion = 16.0.30104.148
MinimumVisualStudioVersion = 10.0.40219.1
Project("{FAE04EC0-301F-11D3-BF4B-00C04F79EFBC}") = "Articles.API", "src\Articles.API.csproj", "{A672FA94-8BB6-4BB3-9609-09325B988F20}"
EndProject
Global
	GlobalSection(SolutionConfigurationPlatforms) = preSolution
		Debug|Any CPU = Debug|Any CPU
		Release|Any CPU = Release|Any CPU
	EndGlobalSection
	GlobalSection(ProjectConfigurationPlatforms) = postSolution
		{A672FA94-8BB6-4BB3-9609-09325B988F20}.Debug|Any CPU.ActiveCfg = Debug|Any CPU
		{A672FA94-8BB6-4BB3-9609-09325B988F20}.Debug|Any CPU.Build.0 = Debug|Any CPU
		{A672FA94-8BB6-4BB3-9609-09325B988F20}.Release|Any CPU.ActiveCfg = Release|Any CPU
		{A672FA94-8BB6-4BB3-9609-09325B988F20}.Release|Any CPU.Build.0 = Release|Any CPU
	EndGlobalSection
	GlobalSection(SolutionProperties) = preSolution
		HideSolutionNode = FALSE
	EndGlobalSection
	GlobalSection(ExtensibilityGlobals) = postSolution
		SolutionGuid = {9D6B1DE1-9A2E-4F17-B708-31BD80ABFE9D}
	EndGlobalSection
EndGlobal
