
Microsoft Visual Studio Solution File, Format Version 12.00
# Visual Studio Version 16
VisualStudioVersion = 16.0.30104.148
MinimumVisualStudioVersion = 10.0.40219.1
Project("{9A19103F-16F7-4668-BE54-9A1E7A4F7556}") = "Articles.API", "src\Articles.API.csproj", "{A672FA94-8BB6-4BB3-9609-09325B988F20}"
EndProject
Project("{FAE04EC0-301F-11D3-BF4B-00C04F79EFBC}") = "Articles.UnitTests", "tests\Articles.UnitTests\Articles.UnitTests.csproj", "{E6C2CCE8-26EE-42F2-AEF0-8D86ED0D00C2}"
EndProject
Project("{FAE04EC0-301F-11D3-BF4B-00C04F79EFBC}") = "Articles.IntegrationTests", "tests\Articles.IntegrationTests\Articles.IntegrationTests.csproj", "{67BD49D0-F732-4C0F-9886-FAC48A56006C}"
EndProject
Global
	GlobalSection(SolutionConfigurationPlatforms) = preSolution
		Debug|Any CPU = Debug|Any CPU
		Release|Any CPU = Release|Any CPU
	EndGlobalSection
	GlobalSection(ProjectConfigurationPlatforms) = postSolution
		{A672FA94-8BB6-4BB3-9609-09325B988F20}.Debug|Any CPU.ActiveCfg = Debug|Any CPU
		{A672FA94-8BB6-4BB3-9609-09325B988F20}.Debug|Any CPU.Build.0 = Debug|Any CPU
		{A672FA94-8BB6-4BB3-9609-09325B988F20}.Release|Any CPU.ActiveCfg = Release|Any CPU
		{A672FA94-8BB6-4BB3-9609-09325B988F20}.Release|Any CPU.Build.0 = Release|Any CPU
		{E6C2CCE8-26EE-42F2-AEF0-8D86ED0D00C2}.Debug|Any CPU.ActiveCfg = Debug|Any CPU
		{E6C2CCE8-26EE-42F2-AEF0-8D86ED0D00C2}.Debug|Any CPU.Build.0 = Debug|Any CPU
		{E6C2CCE8-26EE-42F2-AEF0-8D86ED0D00C2}.Release|Any CPU.ActiveCfg = Release|Any CPU
		{E6C2CCE8-26EE-42F2-AEF0-8D86ED0D00C2}.Release|Any CPU.Build.0 = Release|Any CPU
		{67BD49D0-F732-4C0F-9886-FAC48A56006C}.Debug|Any CPU.ActiveCfg = Debug|Any CPU
		{67BD49D0-F732-4C0F-9886-FAC48A56006C}.Debug|Any CPU.Build.0 = Debug|Any CPU
		{67BD49D0-F732-4C0F-9886-FAC48A56006C}.Release|Any CPU.ActiveCfg = Release|Any CPU
		{67BD49D0-F732-4C0F-9886-FAC48A56006C}.Release|Any CPU.Build.0 = Release|Any CPU
	EndGlobalSection
	GlobalSection(SolutionProperties) = preSolution
		HideSolutionNode = FALSE
	EndGlobalSection
	GlobalSection(ExtensibilityGlobals) = postSolution
		SolutionGuid = {9D6B1DE1-9A2E-4F17-B708-31BD80ABFE9D}
	EndGlobalSection
EndGlobal
